
Microsoft Visual Studio Solution File, Format Version 12.00
# Visual Studio Version 17
VisualStudioVersion = 17.1.31911.260
MinimumVisualStudioVersion = 10.0.40219.1
Project("{FAE04EC0-301F-11D3-BF4B-00C04F79EFBC}") = "WebApplication1", "WebApplication1\WebApplication1.csproj", "{C0A9E07B-552D-4E17-B68C-083BE28B02BE}"
EndProject
Global
	GlobalSection(SolutionConfigurationPlatforms) = preSolution
		Debug|Any CPU = Debug|Any CPU
		Release|Any CPU = Release|Any CPU
	EndGlobalSection
	GlobalSection(ProjectConfigurationPlatforms) = postSolution
		{C0A9E07B-552D-4E17-B68C-083BE28B02BE}.Debug|Any CPU.ActiveCfg = Debug|Any CPU
		{C0A9E07B-552D-4E17-B68C-083BE28B02BE}.Debug|Any CPU.Build.0 = Debug|Any CPU
		{C0A9E07B-552D-4E17-B68C-083BE28B02BE}.Release|Any CPU.ActiveCfg = Release|Any CPU
		{C0A9E07B-552D-4E17-B68C-083BE28B02BE}.Release|Any CPU.Build.0 = Release|Any CPU
	EndGlobalSection
	GlobalSection(SolutionProperties) = preSolution
		HideSolutionNode = FALSE
	EndGlobalSection
	GlobalSection(ExtensibilityGlobals) = postSolution
		SolutionGuid = {1343763E-BAA9-45F8-AFB0-0FAD85956B67}
	EndGlobalSection
EndGlobal
